
Microsoft Visual Studio Solution File, Format Version 12.00
# Visual Studio Version 16
VisualStudioVersion = 16.0.30002.166
MinimumVisualStudioVersion = 10.0.40219.1
Project("{FAE04EC0-301F-11D3-BF4B-00C04F79EFBC}") = "messaging", "messaging\messaging.csproj", "{995DFFE0-564E-4B6D-B6CB-7FC3CDB7D827}"
EndProject
Global
	GlobalSection(SolutionConfigurationPlatforms) = preSolution
		Debug|Any CPU = Debug|Any CPU
		Release|Any CPU = Release|Any CPU
	EndGlobalSection
	GlobalSection(ProjectConfigurationPlatforms) = postSolution
		{995DFFE0-564E-4B6D-B6CB-7FC3CDB7D827}.Debug|Any CPU.ActiveCfg = Debug|Any CPU
		{995DFFE0-564E-4B6D-B6CB-7FC3CDB7D827}.Debug|Any CPU.Build.0 = Debug|Any CPU
		{995DFFE0-564E-4B6D-B6CB-7FC3CDB7D827}.Release|Any CPU.ActiveCfg = Release|Any CPU
		{995DFFE0-564E-4B6D-B6CB-7FC3CDB7D827}.Release|Any CPU.Build.0 = Release|Any CPU
	EndGlobalSection
	GlobalSection(SolutionProperties) = preSolution
		HideSolutionNode = FALSE
	EndGlobalSection
	GlobalSection(ExtensibilityGlobals) = postSolution
		SolutionGuid = {8550AA95-FDFC-4574-A408-A6BA62959858}
	EndGlobalSection
EndGlobal
